
Microsoft Visual Studio Solution File, Format Version 12.00
# Visual Studio Version 16
VisualStudioVersion = 16.0.29519.181
MinimumVisualStudioVersion = 10.0.40219.1
Project("{FAE04EC0-301F-11D3-BF4B-00C04F79EFBC}") = "RemoteControlPCBot", "RemoteControlPCBot\RemoteControlPCBot.csproj", "{954D33E1-E884-46C2-A1A0-C282B28643D9}"
EndProject
Global
	GlobalSection(SolutionConfigurationPlatforms) = preSolution
		Debug|Any CPU = Debug|Any CPU
		Release|Any CPU = Release|Any CPU
	EndGlobalSection
	GlobalSection(ProjectConfigurationPlatforms) = postSolution
		{954D33E1-E884-46C2-A1A0-C282B28643D9}.Debug|Any CPU.ActiveCfg = Debug|Any CPU
		{954D33E1-E884-46C2-A1A0-C282B28643D9}.Debug|Any CPU.Build.0 = Debug|Any CPU
		{954D33E1-E884-46C2-A1A0-C282B28643D9}.Release|Any CPU.ActiveCfg = Release|Any CPU
		{954D33E1-E884-46C2-A1A0-C282B28643D9}.Release|Any CPU.Build.0 = Release|Any CPU
	EndGlobalSection
	GlobalSection(SolutionProperties) = preSolution
		HideSolutionNode = FALSE
	EndGlobalSection
	GlobalSection(ExtensibilityGlobals) = postSolution
		SolutionGuid = {10EDB6EB-B14A-49CA-8DA6-133B0E87E17D}
	EndGlobalSection
EndGlobal
